
Microsoft Visual Studio Solution File, Format Version 12.00
# Visual Studio Version 17
Project("{2150E333-8FDC-42A3-9474-1A3956D46DE8}") = "CMakePredefinedTargets", "CMakePredefinedTargets", "{8A147735-6928-33BC-AF45-EB22E742B39C}"
EndProject
Project("{2150E333-8FDC-42A3-9474-1A3956D46DE8}") = "External", "External", "{630E64F1-F5E2-3922-A310-E4F4507E75DE}"
EndProject
Project("{2150E333-8FDC-42A3-9474-1A3956D46DE8}") = "Internal", "Internal", "{AB2BEF6C-7920-3144-9702-DB7805AACF1D}"
EndProject
Project("{8BC9CEB8-8B4A-11D0-8D11-00A0C91BC942}") = "ALL_BUILD", "ALL_BUILD.vcxproj", "{EFF5FEAE-90B9-38E3-9028-B61D35AB24A8}"
	ProjectSection(ProjectDependencies) = postProject
		{927301F5-88BC-3E7C-AD51-A52B09B90E32} = {927301F5-88BC-3E7C-AD51-A52B09B90E32}
		{0FB8D865-6238-32FD-9C1F-B7D463921B35} = {0FB8D865-6238-32FD-9C1F-B7D463921B35}
		{04A1E96D-C242-3ACC-B6C4-F011EBC3F55F} = {04A1E96D-C242-3ACC-B6C4-F011EBC3F55F}
		{6BC0617E-3A46-3B53-98CA-AFF7369CA801} = {6BC0617E-3A46-3B53-98CA-AFF7369CA801}
		{DF2FDE3B-CA18-3D5C-B547-82FDA490F273} = {DF2FDE3B-CA18-3D5C-B547-82FDA490F273}
		{734F68A8-93B2-3DCD-A829-0A922B88D861} = {734F68A8-93B2-3DCD-A829-0A922B88D861}
		{6876776F-8D09-38B5-85CF-452070BD13EB} = {6876776F-8D09-38B5-85CF-452070BD13EB}
		{D89890C1-308F-3D11-89E8-E71A86A05086} = {D89890C1-308F-3D11-89E8-E71A86A05086}
		{7554A131-BE1F-37C8-B15C-D2D6ED72B9B5} = {7554A131-BE1F-37C8-B15C-D2D6ED72B9B5}
		{C9367C4B-C60B-305C-9F8A-589BAF9CC83B} = {C9367C4B-C60B-305C-9F8A-589BAF9CC83B}
		{3E7B97C6-1ABD-3CF8-9735-051A730A1421} = {3E7B97C6-1ABD-3CF8-9735-051A730A1421}
		{4F33B7EF-1D81-3FFC-8007-DA9BFB082783} = {4F33B7EF-1D81-3FFC-8007-DA9BFB082783}
		{99E5C16E-730F-33DE-B2CF-83606D4412B7} = {99E5C16E-730F-33DE-B2CF-83606D4412B7}
	EndProjectSection
EndProject
Project("{8BC9CEB8-8B4A-11D0-8D11-00A0C91BC942}") = "ZERO_CHECK", "..\..\..\\ZERO_CHECK.vcxproj", "{927301F5-88BC-3E7C-AD51-A52B09B90E32}"
	ProjectSection(ProjectDependencies) = postProject
	EndProjectSection
EndProject
Project("{8BC9CEB8-8B4A-11D0-8D11-00A0C91BC942}") = "cocos2d", "cocos2d.vcxproj", "{0FB8D865-6238-32FD-9C1F-B7D463921B35}"
	ProjectSection(ProjectDependencies) = postProject
		{927301F5-88BC-3E7C-AD51-A52B09B90E32} = {927301F5-88BC-3E7C-AD51-A52B09B90E32}
		{04A1E96D-C242-3ACC-B6C4-F011EBC3F55F} = {04A1E96D-C242-3ACC-B6C4-F011EBC3F55F}
		{6BC0617E-3A46-3B53-98CA-AFF7369CA801} = {6BC0617E-3A46-3B53-98CA-AFF7369CA801}
		{DF2FDE3B-CA18-3D5C-B547-82FDA490F273} = {DF2FDE3B-CA18-3D5C-B547-82FDA490F273}
		{734F68A8-93B2-3DCD-A829-0A922B88D861} = {734F68A8-93B2-3DCD-A829-0A922B88D861}
		{6876776F-8D09-38B5-85CF-452070BD13EB} = {6876776F-8D09-38B5-85CF-452070BD13EB}
		{D89890C1-308F-3D11-89E8-E71A86A05086} = {D89890C1-308F-3D11-89E8-E71A86A05086}
		{7554A131-BE1F-37C8-B15C-D2D6ED72B9B5} = {7554A131-BE1F-37C8-B15C-D2D6ED72B9B5}
		{C9367C4B-C60B-305C-9F8A-589BAF9CC83B} = {C9367C4B-C60B-305C-9F8A-589BAF9CC83B}
		{3E7B97C6-1ABD-3CF8-9735-051A730A1421} = {3E7B97C6-1ABD-3CF8-9735-051A730A1421}
		{4F33B7EF-1D81-3FFC-8007-DA9BFB082783} = {4F33B7EF-1D81-3FFC-8007-DA9BFB082783}
		{99E5C16E-730F-33DE-B2CF-83606D4412B7} = {99E5C16E-730F-33DE-B2CF-83606D4412B7}
	EndProjectSection
EndProject
Project("{8BC9CEB8-8B4A-11D0-8D11-00A0C91BC942}") = "ext_clipper", "..\..\external\clipper\ext_clipper.vcxproj", "{04A1E96D-C242-3ACC-B6C4-F011EBC3F55F}"
	ProjectSection(ProjectDependencies) = postProject
		{927301F5-88BC-3E7C-AD51-A52B09B90E32} = {927301F5-88BC-3E7C-AD51-A52B09B90E32}
	EndProjectSection
EndProject
Project("{8BC9CEB8-8B4A-11D0-8D11-00A0C91BC942}") = "ext_convertUTF", "..\..\external\ConvertUTF\ext_convertUTF.vcxproj", "{6BC0617E-3A46-3B53-98CA-AFF7369CA801}"
	ProjectSection(ProjectDependencies) = postProject
		{927301F5-88BC-3E7C-AD51-A52B09B90E32} = {927301F5-88BC-3E7C-AD51-A52B09B90E32}
	EndProjectSection
EndProject
Project("{8BC9CEB8-8B4A-11D0-8D11-00A0C91BC942}") = "ext_edtaa3func", "..\..\external\edtaa3func\ext_edtaa3func.vcxproj", "{DF2FDE3B-CA18-3D5C-B547-82FDA490F273}"
	ProjectSection(ProjectDependencies) = postProject
		{927301F5-88BC-3E7C-AD51-A52B09B90E32} = {927301F5-88BC-3E7C-AD51-A52B09B90E32}
	EndProjectSection
EndProject
Project("{8BC9CEB8-8B4A-11D0-8D11-00A0C91BC942}") = "ext_md5", "..\..\external\md5\ext_md5.vcxproj", "{734F68A8-93B2-3DCD-A829-0A922B88D861}"
	ProjectSection(ProjectDependencies) = postProject
		{927301F5-88BC-3E7C-AD51-A52B09B90E32} = {927301F5-88BC-3E7C-AD51-A52B09B90E32}
	EndProjectSection
EndProject
Project("{8BC9CEB8-8B4A-11D0-8D11-00A0C91BC942}") = "ext_poly2tri", "..\..\external\poly2tri\ext_poly2tri.vcxproj", "{6876776F-8D09-38B5-85CF-452070BD13EB}"
	ProjectSection(ProjectDependencies) = postProject
		{927301F5-88BC-3E7C-AD51-A52B09B90E32} = {927301F5-88BC-3E7C-AD51-A52B09B90E32}
	EndProjectSection
EndProject
Project("{8BC9CEB8-8B4A-11D0-8D11-00A0C91BC942}") = "ext_recast", "..\..\external\recast\ext_recast.vcxproj", "{D89890C1-308F-3D11-89E8-E71A86A05086}"
	ProjectSection(ProjectDependencies) = postProject
		{927301F5-88BC-3E7C-AD51-A52B09B90E32} = {927301F5-88BC-3E7C-AD51-A52B09B90E32}
	EndProjectSection
EndProject
Project("{8BC9CEB8-8B4A-11D0-8D11-00A0C91BC942}") = "ext_tinyxml2", "..\..\external\tinyxml2\ext_tinyxml2.vcxproj", "{7554A131-BE1F-37C8-B15C-D2D6ED72B9B5}"
	ProjectSection(ProjectDependencies) = postProject
		{927301F5-88BC-3E7C-AD51-A52B09B90E32} = {927301F5-88BC-3E7C-AD51-A52B09B90E32}
	EndProjectSection
EndProject
Project("{8BC9CEB8-8B4A-11D0-8D11-00A0C91BC942}") = "ext_unzip", "..\..\external\unzip\ext_unzip.vcxproj", "{C9367C4B-C60B-305C-9F8A-589BAF9CC83B}"
	ProjectSection(ProjectDependencies) = postProject
		{927301F5-88BC-3E7C-AD51-A52B09B90E32} = {927301F5-88BC-3E7C-AD51-A52B09B90E32}
	EndProjectSection
EndProject
Project("{8BC9CEB8-8B4A-11D0-8D11-00A0C91BC942}") = "ext_xxhash", "..\..\external\xxhash\ext_xxhash.vcxproj", "{3E7B97C6-1ABD-3CF8-9735-051A730A1421}"
	ProjectSection(ProjectDependencies) = postProject
		{927301F5-88BC-3E7C-AD51-A52B09B90E32} = {927301F5-88BC-3E7C-AD51-A52B09B90E32}
	EndProjectSection
EndProject
Project("{8BC9CEB8-8B4A-11D0-8D11-00A0C91BC942}") = "ext_xxtea", "..\..\external\xxtea\ext_xxtea.vcxproj", "{4F33B7EF-1D81-3FFC-8007-DA9BFB082783}"
	ProjectSection(ProjectDependencies) = postProject
		{927301F5-88BC-3E7C-AD51-A52B09B90E32} = {927301F5-88BC-3E7C-AD51-A52B09B90E32}
	EndProjectSection
EndProject
Project("{8BC9CEB8-8B4A-11D0-8D11-00A0C91BC942}") = "external", "..\..\external\external.vcxproj", "{99E5C16E-730F-33DE-B2CF-83606D4412B7}"
	ProjectSection(ProjectDependencies) = postProject
		{927301F5-88BC-3E7C-AD51-A52B09B90E32} = {927301F5-88BC-3E7C-AD51-A52B09B90E32}
		{04A1E96D-C242-3ACC-B6C4-F011EBC3F55F} = {04A1E96D-C242-3ACC-B6C4-F011EBC3F55F}
		{6BC0617E-3A46-3B53-98CA-AFF7369CA801} = {6BC0617E-3A46-3B53-98CA-AFF7369CA801}
		{DF2FDE3B-CA18-3D5C-B547-82FDA490F273} = {DF2FDE3B-CA18-3D5C-B547-82FDA490F273}
		{734F68A8-93B2-3DCD-A829-0A922B88D861} = {734F68A8-93B2-3DCD-A829-0A922B88D861}
		{6876776F-8D09-38B5-85CF-452070BD13EB} = {6876776F-8D09-38B5-85CF-452070BD13EB}
		{D89890C1-308F-3D11-89E8-E71A86A05086} = {D89890C1-308F-3D11-89E8-E71A86A05086}
		{7554A131-BE1F-37C8-B15C-D2D6ED72B9B5} = {7554A131-BE1F-37C8-B15C-D2D6ED72B9B5}
		{C9367C4B-C60B-305C-9F8A-589BAF9CC83B} = {C9367C4B-C60B-305C-9F8A-589BAF9CC83B}
		{3E7B97C6-1ABD-3CF8-9735-051A730A1421} = {3E7B97C6-1ABD-3CF8-9735-051A730A1421}
		{4F33B7EF-1D81-3FFC-8007-DA9BFB082783} = {4F33B7EF-1D81-3FFC-8007-DA9BFB082783}
	EndProjectSection
EndProject
Global
	GlobalSection(SolutionConfigurationPlatforms) = preSolution
		Debug|Win32 = Debug|Win32
		Release|Win32 = Release|Win32
		MinSizeRel|Win32 = MinSizeRel|Win32
		RelWithDebInfo|Win32 = RelWithDebInfo|Win32
	EndGlobalSection
	GlobalSection(ProjectConfigurationPlatforms) = postSolution
		{EFF5FEAE-90B9-38E3-9028-B61D35AB24A8}.Debug|Win32.ActiveCfg = Debug|Win32
		{EFF5FEAE-90B9-38E3-9028-B61D35AB24A8}.Release|Win32.ActiveCfg = Release|Win32
		{EFF5FEAE-90B9-38E3-9028-B61D35AB24A8}.MinSizeRel|Win32.ActiveCfg = MinSizeRel|Win32
		{EFF5FEAE-90B9-38E3-9028-B61D35AB24A8}.RelWithDebInfo|Win32.ActiveCfg = RelWithDebInfo|Win32
		{927301F5-88BC-3E7C-AD51-A52B09B90E32}.Debug|Win32.ActiveCfg = Debug|Win32
		{927301F5-88BC-3E7C-AD51-A52B09B90E32}.Debug|Win32.Build.0 = Debug|Win32
		{927301F5-88BC-3E7C-AD51-A52B09B90E32}.Release|Win32.ActiveCfg = Release|Win32
		{927301F5-88BC-3E7C-AD51-A52B09B90E32}.Release|Win32.Build.0 = Release|Win32
		{927301F5-88BC-3E7C-AD51-A52B09B90E32}.MinSizeRel|Win32.ActiveCfg = MinSizeRel|Win32
		{927301F5-88BC-3E7C-AD51-A52B09B90E32}.MinSizeRel|Win32.Build.0 = MinSizeRel|Win32
		{927301F5-88BC-3E7C-AD51-A52B09B90E32}.RelWithDebInfo|Win32.ActiveCfg = RelWithDebInfo|Win32
		{927301F5-88BC-3E7C-AD51-A52B09B90E32}.RelWithDebInfo|Win32.Build.0 = RelWithDebInfo|Win32
		{0FB8D865-6238-32FD-9C1F-B7D463921B35}.Debug|Win32.ActiveCfg = Debug|Win32
		{0FB8D865-6238-32FD-9C1F-B7D463921B35}.Debug|Win32.Build.0 = Debug|Win32
		{0FB8D865-6238-32FD-9C1F-B7D463921B35}.Release|Win32.ActiveCfg = Release|Win32
		{0FB8D865-6238-32FD-9C1F-B7D463921B35}.Release|Win32.Build.0 = Release|Win32
		{0FB8D865-6238-32FD-9C1F-B7D463921B35}.MinSizeRel|Win32.ActiveCfg = MinSizeRel|Win32
		{0FB8D865-6238-32FD-9C1F-B7D463921B35}.MinSizeRel|Win32.Build.0 = MinSizeRel|Win32
		{0FB8D865-6238-32FD-9C1F-B7D463921B35}.RelWithDebInfo|Win32.ActiveCfg = RelWithDebInfo|Win32
		{0FB8D865-6238-32FD-9C1F-B7D463921B35}.RelWithDebInfo|Win32.Build.0 = RelWithDebInfo|Win32
		{04A1E96D-C242-3ACC-B6C4-F011EBC3F55F}.Debug|Win32.ActiveCfg = Debug|Win32
		{04A1E96D-C242-3ACC-B6C4-F011EBC3F55F}.Debug|Win32.Build.0 = Debug|Win32
		{04A1E96D-C242-3ACC-B6C4-F011EBC3F55F}.Release|Win32.ActiveCfg = Release|Win32
		{04A1E96D-C242-3ACC-B6C4-F011EBC3F55F}.Release|Win32.Build.0 = Release|Win32
		{04A1E96D-C242-3ACC-B6C4-F011EBC3F55F}.MinSizeRel|Win32.ActiveCfg = MinSizeRel|Win32
		{04A1E96D-C242-3ACC-B6C4-F011EBC3F55F}.MinSizeRel|Win32.Build.0 = MinSizeRel|Win32
		{04A1E96D-C242-3ACC-B6C4-F011EBC3F55F}.RelWithDebInfo|Win32.ActiveCfg = RelWithDebInfo|Win32
		{04A1E96D-C242-3ACC-B6C4-F011EBC3F55F}.RelWithDebInfo|Win32.Build.0 = RelWithDebInfo|Win32
		{6BC0617E-3A46-3B53-98CA-AFF7369CA801}.Debug|Win32.ActiveCfg = Debug|Win32
		{6BC0617E-3A46-3B53-98CA-AFF7369CA801}.Debug|Win32.Build.0 = Debug|Win32
		{6BC0617E-3A46-3B53-98CA-AFF7369CA801}.Release|Win32.ActiveCfg = Release|Win32
		{6BC0617E-3A46-3B53-98CA-AFF7369CA801}.Release|Win32.Build.0 = Release|Win32
		{6BC0617E-3A46-3B53-98CA-AFF7369CA801}.MinSizeRel|Win32.ActiveCfg = MinSizeRel|Win32
		{6BC0617E-3A46-3B53-98CA-AFF7369CA801}.MinSizeRel|Win32.Build.0 = MinSizeRel|Win32
		{6BC0617E-3A46-3B53-98CA-AFF7369CA801}.RelWithDebInfo|Win32.ActiveCfg = RelWithDebInfo|Win32
		{6BC0617E-3A46-3B53-98CA-AFF7369CA801}.RelWithDebInfo|Win32.Build.0 = RelWithDebInfo|Win32
		{DF2FDE3B-CA18-3D5C-B547-82FDA490F273}.Debug|Win32.ActiveCfg = Debug|Win32
		{DF2FDE3B-CA18-3D5C-B547-82FDA490F273}.Debug|Win32.Build.0 = Debug|Win32
		{DF2FDE3B-CA18-3D5C-B547-82FDA490F273}.Release|Win32.ActiveCfg = Release|Win32
		{DF2FDE3B-CA18-3D5C-B547-82FDA490F273}.Release|Win32.Build.0 = Release|Win32
		{DF2FDE3B-CA18-3D5C-B547-82FDA490F273}.MinSizeRel|Win32.ActiveCfg = MinSizeRel|Win32
		{DF2FDE3B-CA18-3D5C-B547-82FDA490F273}.MinSizeRel|Win32.Build.0 = MinSizeRel|Win32
		{DF2FDE3B-CA18-3D5C-B547-82FDA490F273}.RelWithDebInfo|Win32.ActiveCfg = RelWithDebInfo|Win32
		{DF2FDE3B-CA18-3D5C-B547-82FDA490F273}.RelWithDebInfo|Win32.Build.0 = RelWithDebInfo|Win32
		{734F68A8-93B2-3DCD-A829-0A922B88D861}.Debug|Win32.ActiveCfg = Debug|Win32
		{734F68A8-93B2-3DCD-A829-0A922B88D861}.Debug|Win32.Build.0 = Debug|Win32
		{734F68A8-93B2-3DCD-A829-0A922B88D861}.Release|Win32.ActiveCfg = Release|Win32
		{734F68A8-93B2-3DCD-A829-0A922B88D861}.Release|Win32.Build.0 = Release|Win32
		{734F68A8-93B2-3DCD-A829-0A922B88D861}.MinSizeRel|Win32.ActiveCfg = MinSizeRel|Win32
		{734F68A8-93B2-3DCD-A829-0A922B88D861}.MinSizeRel|Win32.Build.0 = MinSizeRel|Win32
		{734F68A8-93B2-3DCD-A829-0A922B88D861}.RelWithDebInfo|Win32.ActiveCfg = RelWithDebInfo|Win32
		{734F68A8-93B2-3DCD-A829-0A922B88D861}.RelWithDebInfo|Win32.Build.0 = RelWithDebInfo|Win32
		{6876776F-8D09-38B5-85CF-452070BD13EB}.Debug|Win32.ActiveCfg = Debug|Win32
		{6876776F-8D09-38B5-85CF-452070BD13EB}.Debug|Win32.Build.0 = Debug|Win32
		{6876776F-8D09-38B5-85CF-452070BD13EB}.Release|Win32.ActiveCfg = Release|Win32
		{6876776F-8D09-38B5-85CF-452070BD13EB}.Release|Win32.Build.0 = Release|Win32
		{6876776F-8D09-38B5-85CF-452070BD13EB}.MinSizeRel|Win32.ActiveCfg = MinSizeRel|Win32
		{6876776F-8D09-38B5-85CF-452070BD13EB}.MinSizeRel|Win32.Build.0 = MinSizeRel|Win32
		{6876776F-8D09-38B5-85CF-452070BD13EB}.RelWithDebInfo|Win32.ActiveCfg = RelWithDebInfo|Win32
		{6876776F-8D09-38B5-85CF-452070BD13EB}.RelWithDebInfo|Win32.Build.0 = RelWithDebInfo|Win32
		{D89890C1-308F-3D11-89E8-E71A86A05086}.Debug|Win32.ActiveCfg = Debug|Win32
		{D89890C1-308F-3D11-89E8-E71A86A05086}.Debug|Win32.Build.0 = Debug|Win32
		{D89890C1-308F-3D11-89E8-E71A86A05086}.Release|Win32.ActiveCfg = Release|Win32
		{D89890C1-308F-3D11-89E8-E71A86A05086}.Release|Win32.Build.0 = Release|Win32
		{D89890C1-308F-3D11-89E8-E71A86A05086}.MinSizeRel|Win32.ActiveCfg = MinSizeRel|Win32
		{D89890C1-308F-3D11-89E8-E71A86A05086}.MinSizeRel|Win32.Build.0 = MinSizeRel|Win32
		{D89890C1-308F-3D11-89E8-E71A86A05086}.RelWithDebInfo|Win32.ActiveCfg = RelWithDebInfo|Win32
		{D89890C1-308F-3D11-89E8-E71A86A05086}.RelWithDebInfo|Win32.Build.0 = RelWithDebInfo|Win32
		{7554A131-BE1F-37C8-B15C-D2D6ED72B9B5}.Debug|Win32.ActiveCfg = Debug|Win32
		{7554A131-BE1F-37C8-B15C-D2D6ED72B9B5}.Debug|Win32.Build.0 = Debug|Win32
		{7554A131-BE1F-37C8-B15C-D2D6ED72B9B5}.Release|Win32.ActiveCfg = Release|Win32
		{7554A131-BE1F-37C8-B15C-D2D6ED72B9B5}.Release|Win32.Build.0 = Release|Win32
		{7554A131-BE1F-37C8-B15C-D2D6ED72B9B5}.MinSizeRel|Win32.ActiveCfg = MinSizeRel|Win32
		{7554A131-BE1F-37C8-B15C-D2D6ED72B9B5}.MinSizeRel|Win32.Build.0 = MinSizeRel|Win32
		{7554A131-BE1F-37C8-B15C-D2D6ED72B9B5}.RelWithDebInfo|Win32.ActiveCfg = RelWithDebInfo|Win32
		{7554A131-BE1F-37C8-B15C-D2D6ED72B9B5}.RelWithDebInfo|Win32.Build.0 = RelWithDebInfo|Win32
		{C9367C4B-C60B-305C-9F8A-589BAF9CC83B}.Debug|Win32.ActiveCfg = Debug|Win32
		{C9367C4B-C60B-305C-9F8A-589BAF9CC83B}.Debug|Win32.Build.0 = Debug|Win32
		{C9367C4B-C60B-305C-9F8A-589BAF9CC83B}.Release|Win32.ActiveCfg = Release|Win32
		{C9367C4B-C60B-305C-9F8A-589BAF9CC83B}.Release|Win32.Build.0 = Release|Win32
		{C9367C4B-C60B-305C-9F8A-589BAF9CC83B}.MinSizeRel|Win32.ActiveCfg = MinSizeRel|Win32
		{C9367C4B-C60B-305C-9F8A-589BAF9CC83B}.MinSizeRel|Win32.Build.0 = MinSizeRel|Win32
		{C9367C4B-C60B-305C-9F8A-589BAF9CC83B}.RelWithDebInfo|Win32.ActiveCfg = RelWithDebInfo|Win32
		{C9367C4B-C60B-305C-9F8A-589BAF9CC83B}.RelWithDebInfo|Win32.Build.0 = RelWithDebInfo|Win32
		{3E7B97C6-1ABD-3CF8-9735-051A730A1421}.Debug|Win32.ActiveCfg = Debug|Win32
		{3E7B97C6-1ABD-3CF8-9735-051A730A1421}.Debug|Win32.Build.0 = Debug|Win32
		{3E7B97C6-1ABD-3CF8-9735-051A730A1421}.Release|Win32.ActiveCfg = Release|Win32
		{3E7B97C6-1ABD-3CF8-9735-051A730A1421}.Release|Win32.Build.0 = Release|Win32
		{3E7B97C6-1ABD-3CF8-9735-051A730A1421}.MinSizeRel|Win32.ActiveCfg = MinSizeRel|Win32
		{3E7B97C6-1ABD-3CF8-9735-051A730A1421}.MinSizeRel|Win32.Build.0 = MinSizeRel|Win32
		{3E7B97C6-1ABD-3CF8-9735-051A730A1421}.RelWithDebInfo|Win32.ActiveCfg = RelWithDebInfo|Win32
		{3E7B97C6-1ABD-3CF8-9735-051A730A1421}.RelWithDebInfo|Win32.Build.0 = RelWithDebInfo|Win32
		{4F33B7EF-1D81-3FFC-8007-DA9BFB082783}.Debug|Win32.ActiveCfg = Debug|Win32
		{4F33B7EF-1D81-3FFC-8007-DA9BFB082783}.Debug|Win32.Build.0 = Debug|Win32
		{4F33B7EF-1D81-3FFC-8007-DA9BFB082783}.Release|Win32.ActiveCfg = Release|Win32
		{4F33B7EF-1D81-3FFC-8007-DA9BFB082783}.Release|Win32.Build.0 = Release|Win32
		{4F33B7EF-1D81-3FFC-8007-DA9BFB082783}.MinSizeRel|Win32.ActiveCfg = MinSizeRel|Win32
		{4F33B7EF-1D81-3FFC-8007-DA9BFB082783}.MinSizeRel|Win32.Build.0 = MinSizeRel|Win32
		{4F33B7EF-1D81-3FFC-8007-DA9BFB082783}.RelWithDebInfo|Win32.ActiveCfg = RelWithDebInfo|Win32
		{4F33B7EF-1D81-3FFC-8007-DA9BFB082783}.RelWithDebInfo|Win32.Build.0 = RelWithDebInfo|Win32
		{99E5C16E-730F-33DE-B2CF-83606D4412B7}.Debug|Win32.ActiveCfg = Debug|Win32
		{99E5C16E-730F-33DE-B2CF-83606D4412B7}.Debug|Win32.Build.0 = Debug|Win32
		{99E5C16E-730F-33DE-B2CF-83606D4412B7}.Release|Win32.ActiveCfg = Release|Win32
		{99E5C16E-730F-33DE-B2CF-83606D4412B7}.Release|Win32.Build.0 = Release|Win32
		{99E5C16E-730F-33DE-B2CF-83606D4412B7}.MinSizeRel|Win32.ActiveCfg = MinSizeRel|Win32
		{99E5C16E-730F-33DE-B2CF-83606D4412B7}.MinSizeRel|Win32.Build.0 = MinSizeRel|Win32
		{99E5C16E-730F-33DE-B2CF-83606D4412B7}.RelWithDebInfo|Win32.ActiveCfg = RelWithDebInfo|Win32
		{99E5C16E-730F-33DE-B2CF-83606D4412B7}.RelWithDebInfo|Win32.Build.0 = RelWithDebInfo|Win32
	EndGlobalSection
	GlobalSection(NestedProjects) = preSolution
		{EFF5FEAE-90B9-38E3-9028-B61D35AB24A8} = {8A147735-6928-33BC-AF45-EB22E742B39C}
		{927301F5-88BC-3E7C-AD51-A52B09B90E32} = {8A147735-6928-33BC-AF45-EB22E742B39C}
		{04A1E96D-C242-3ACC-B6C4-F011EBC3F55F} = {630E64F1-F5E2-3922-A310-E4F4507E75DE}
		{6BC0617E-3A46-3B53-98CA-AFF7369CA801} = {630E64F1-F5E2-3922-A310-E4F4507E75DE}
		{DF2FDE3B-CA18-3D5C-B547-82FDA490F273} = {630E64F1-F5E2-3922-A310-E4F4507E75DE}
		{734F68A8-93B2-3DCD-A829-0A922B88D861} = {630E64F1-F5E2-3922-A310-E4F4507E75DE}
		{6876776F-8D09-38B5-85CF-452070BD13EB} = {630E64F1-F5E2-3922-A310-E4F4507E75DE}
		{D89890C1-308F-3D11-89E8-E71A86A05086} = {630E64F1-F5E2-3922-A310-E4F4507E75DE}
		{7554A131-BE1F-37C8-B15C-D2D6ED72B9B5} = {630E64F1-F5E2-3922-A310-E4F4507E75DE}
		{C9367C4B-C60B-305C-9F8A-589BAF9CC83B} = {630E64F1-F5E2-3922-A310-E4F4507E75DE}
		{3E7B97C6-1ABD-3CF8-9735-051A730A1421} = {630E64F1-F5E2-3922-A310-E4F4507E75DE}
		{4F33B7EF-1D81-3FFC-8007-DA9BFB082783} = {630E64F1-F5E2-3922-A310-E4F4507E75DE}
		{99E5C16E-730F-33DE-B2CF-83606D4412B7} = {630E64F1-F5E2-3922-A310-E4F4507E75DE}
		{0FB8D865-6238-32FD-9C1F-B7D463921B35} = {AB2BEF6C-7920-3144-9702-DB7805AACF1D}
	EndGlobalSection
	GlobalSection(ExtensibilityGlobals) = postSolution
		SolutionGuid = {1EEA2F20-5FB8-301B-A3AA-3C123F769B55}
	EndGlobalSection
	GlobalSection(ExtensibilityAddIns) = postSolution
	EndGlobalSection
EndGlobal
